
Microsoft Visual Studio Solution File, Format Version 12.00
# Visual Studio Version 17
VisualStudioVersion = 17.0.31919.166
MinimumVisualStudioVersion = 10.0.40219.1
Project("{2150E333-8FDC-42A3-9474-1A3956D46DE8}") = "Services", "Services", "{9F614F45-8E97-4795-985E-EFFEF1F3F98F}"
EndProject
Project("{2150E333-8FDC-42A3-9474-1A3956D46DE8}") = "Catalog", "Catalog", "{76DEF17D-C5A7-463B-8F4B-8CCEC5CA71C2}"
EndProject
Project("{9A19103F-16F7-4668-BE54-9A1E7A4F7556}") = "Catalog.API", "Services\Catalog\Catalog.API\Catalog.API.csproj", "{30E28AFD-80A6-4828-8DA9-A2C1DA609F5B}"
EndProject
Project("{2150E333-8FDC-42A3-9474-1A3956D46DE8}") = "Basket", "Basket", "{71BE02CF-0401-401A-AA1C-DFF8FEE63E24}"
EndProject
Project("{9A19103F-16F7-4668-BE54-9A1E7A4F7556}") = "Basket.API", "Services\Basket\Basket.API\Basket.API.csproj", "{0EAD6E3E-B2B0-4300-902A-94DD98CF72FB}"
EndProject
Project("{E53339B2-1760-4266-BCC7-CA923CBCF16C}") = "docker-compose", "docker-compose.dcproj", "{1A4248DA-F0BF-45D1-9255-7AAB8276F51B}"
EndProject
Project("{2150E333-8FDC-42A3-9474-1A3956D46DE8}") = "Discount", "Discount", "{2BAECF8E-C161-4D90-87DC-10F921BD9040}"
EndProject
Project("{9A19103F-16F7-4668-BE54-9A1E7A4F7556}") = "Discount.API", "Services\Discount\Discount.API\Discount.API.csproj", "{2D803238-75A9-49C6-ADC2-B6908EE15215}"
EndProject
Project("{9A19103F-16F7-4668-BE54-9A1E7A4F7556}") = "Discount.Grpc", "Services\Discount\Discount.Grpc\Discount.Grpc.csproj", "{B7F6B283-0506-4C7E-B0EF-B43A018E6803}"
EndProject
Project("{2150E333-8FDC-42A3-9474-1A3956D46DE8}") = "Ordering", "Ordering", "{FEC09AF3-6235-485E-ADC4-C8B9B2C1CFB1}"
EndProject
Project("{9A19103F-16F7-4668-BE54-9A1E7A4F7556}") = "Ordering.Domain", "Services\Ordening\Ordering.Domain\Ordering.Domain.csproj", "{1009A2DF-0CD2-48C7-B5A2-68758E970FB1}"
EndProject
Project("{9A19103F-16F7-4668-BE54-9A1E7A4F7556}") = "Ordering.Infrastructure", "Services\Ordening\Ordening.Infrastructure\Ordering.Infrastructure.csproj", "{9825AD47-9497-43CE-A18C-599842631CC4}"
EndProject
Project("{9A19103F-16F7-4668-BE54-9A1E7A4F7556}") = "Ordering.API", "Services\Ordening\Ordening.API\Ordering.API.csproj", "{D8BFE780-01F6-4AD5-8B83-0E3F2A6DCF8B}"
EndProject
Project("{9A19103F-16F7-4668-BE54-9A1E7A4F7556}") = "Ordering.Application", "Services\Ordening\Ordening.Application\Ordering.Application.csproj", "{0E7F4C43-AFFF-4722-AC9C-B60C27A966DB}"
EndProject
Project("{2150E333-8FDC-42A3-9474-1A3956D46DE8}") = "BuildingBlocks", "BuildingBlocks", "{ABCE9225-5965-4DE1-8C02-7D86CDDA041C}"
EndProject
Project("{9A19103F-16F7-4668-BE54-9A1E7A4F7556}") = "EventBus.Messages", "BuildingBlocks\EventBus.Messages\EventBus.Messages.csproj", "{BE57BF98-F2F4-4EB6-8908-D9360582D46A}"
EndProject
Project("{2150E333-8FDC-42A3-9474-1A3956D46DE8}") = "Common", "Common", "{1CEFDF6C-88F1-48E9-B262-359B04ECA8FD}"
	ProjectSection(SolutionItems) = preProject
		EventBusConstants.cs = EventBusConstants.cs
	EndProjectSection
EndProject
Project("{2150E333-8FDC-42A3-9474-1A3956D46DE8}") = "ApiGateways", "ApiGateways", "{778791E6-A783-49B6-A990-945025B1D11C}"
EndProject
Project("{9A19103F-16F7-4668-BE54-9A1E7A4F7556}") = "OcelotApiGw", "ApiGateways\OcelotApiGw\OcelotApiGw.csproj", "{AFCBEC09-E309-4E5A-B4B1-821E86C2D35E}"
EndProject
Project("{FAE04EC0-301F-11D3-BF4B-00C04F79EFBC}") = "Shopping.Aggregator", "ApiGateways\Shopping.Aggregator\Shopping.Aggregator\Shopping.Aggregator.csproj", "{CC1826B9-5657-4205-804D-4794D6B5E886}"
EndProject
Global
	GlobalSection(SolutionConfigurationPlatforms) = preSolution
		Debug|Any CPU = Debug|Any CPU
		Release|Any CPU = Release|Any CPU
	EndGlobalSection
	GlobalSection(ProjectConfigurationPlatforms) = postSolution
		{30E28AFD-80A6-4828-8DA9-A2C1DA609F5B}.Debug|Any CPU.ActiveCfg = Debug|Any CPU
		{30E28AFD-80A6-4828-8DA9-A2C1DA609F5B}.Debug|Any CPU.Build.0 = Debug|Any CPU
		{30E28AFD-80A6-4828-8DA9-A2C1DA609F5B}.Release|Any CPU.ActiveCfg = Release|Any CPU
		{30E28AFD-80A6-4828-8DA9-A2C1DA609F5B}.Release|Any CPU.Build.0 = Release|Any CPU
		{0EAD6E3E-B2B0-4300-902A-94DD98CF72FB}.Debug|Any CPU.ActiveCfg = Debug|Any CPU
		{0EAD6E3E-B2B0-4300-902A-94DD98CF72FB}.Debug|Any CPU.Build.0 = Debug|Any CPU
		{0EAD6E3E-B2B0-4300-902A-94DD98CF72FB}.Release|Any CPU.ActiveCfg = Release|Any CPU
		{0EAD6E3E-B2B0-4300-902A-94DD98CF72FB}.Release|Any CPU.Build.0 = Release|Any CPU
		{1A4248DA-F0BF-45D1-9255-7AAB8276F51B}.Debug|Any CPU.ActiveCfg = Debug|Any CPU
		{1A4248DA-F0BF-45D1-9255-7AAB8276F51B}.Debug|Any CPU.Build.0 = Debug|Any CPU
		{1A4248DA-F0BF-45D1-9255-7AAB8276F51B}.Release|Any CPU.ActiveCfg = Release|Any CPU
		{1A4248DA-F0BF-45D1-9255-7AAB8276F51B}.Release|Any CPU.Build.0 = Release|Any CPU
		{2D803238-75A9-49C6-ADC2-B6908EE15215}.Debug|Any CPU.ActiveCfg = Debug|Any CPU
		{2D803238-75A9-49C6-ADC2-B6908EE15215}.Debug|Any CPU.Build.0 = Debug|Any CPU
		{2D803238-75A9-49C6-ADC2-B6908EE15215}.Release|Any CPU.ActiveCfg = Release|Any CPU
		{2D803238-75A9-49C6-ADC2-B6908EE15215}.Release|Any CPU.Build.0 = Release|Any CPU
		{B7F6B283-0506-4C7E-B0EF-B43A018E6803}.Debug|Any CPU.ActiveCfg = Debug|Any CPU
		{B7F6B283-0506-4C7E-B0EF-B43A018E6803}.Debug|Any CPU.Build.0 = Debug|Any CPU
		{B7F6B283-0506-4C7E-B0EF-B43A018E6803}.Release|Any CPU.ActiveCfg = Release|Any CPU
		{B7F6B283-0506-4C7E-B0EF-B43A018E6803}.Release|Any CPU.Build.0 = Release|Any CPU
		{1009A2DF-0CD2-48C7-B5A2-68758E970FB1}.Debug|Any CPU.ActiveCfg = Debug|Any CPU
		{1009A2DF-0CD2-48C7-B5A2-68758E970FB1}.Debug|Any CPU.Build.0 = Debug|Any CPU
		{1009A2DF-0CD2-48C7-B5A2-68758E970FB1}.Release|Any CPU.ActiveCfg = Release|Any CPU
		{1009A2DF-0CD2-48C7-B5A2-68758E970FB1}.Release|Any CPU.Build.0 = Release|Any CPU
		{9825AD47-9497-43CE-A18C-599842631CC4}.Debug|Any CPU.ActiveCfg = Debug|Any CPU
		{9825AD47-9497-43CE-A18C-599842631CC4}.Debug|Any CPU.Build.0 = Debug|Any CPU
		{9825AD47-9497-43CE-A18C-599842631CC4}.Release|Any CPU.ActiveCfg = Release|Any CPU
		{9825AD47-9497-43CE-A18C-599842631CC4}.Release|Any CPU.Build.0 = Release|Any CPU
		{D8BFE780-01F6-4AD5-8B83-0E3F2A6DCF8B}.Debug|Any CPU.ActiveCfg = Debug|Any CPU
		{D8BFE780-01F6-4AD5-8B83-0E3F2A6DCF8B}.Debug|Any CPU.Build.0 = Debug|Any CPU
		{D8BFE780-01F6-4AD5-8B83-0E3F2A6DCF8B}.Release|Any CPU.ActiveCfg = Release|Any CPU
		{D8BFE780-01F6-4AD5-8B83-0E3F2A6DCF8B}.Release|Any CPU.Build.0 = Release|Any CPU
		{0E7F4C43-AFFF-4722-AC9C-B60C27A966DB}.Debug|Any CPU.ActiveCfg = Debug|Any CPU
		{0E7F4C43-AFFF-4722-AC9C-B60C27A966DB}.Debug|Any CPU.Build.0 = Debug|Any CPU
		{0E7F4C43-AFFF-4722-AC9C-B60C27A966DB}.Release|Any CPU.ActiveCfg = Release|Any CPU
		{0E7F4C43-AFFF-4722-AC9C-B60C27A966DB}.Release|Any CPU.Build.0 = Release|Any CPU
		{BE57BF98-F2F4-4EB6-8908-D9360582D46A}.Debug|Any CPU.ActiveCfg = Debug|Any CPU
		{BE57BF98-F2F4-4EB6-8908-D9360582D46A}.Debug|Any CPU.Build.0 = Debug|Any CPU
		{BE57BF98-F2F4-4EB6-8908-D9360582D46A}.Release|Any CPU.ActiveCfg = Release|Any CPU
		{BE57BF98-F2F4-4EB6-8908-D9360582D46A}.Release|Any CPU.Build.0 = Release|Any CPU
		{AFCBEC09-E309-4E5A-B4B1-821E86C2D35E}.Debug|Any CPU.ActiveCfg = Debug|Any CPU
		{AFCBEC09-E309-4E5A-B4B1-821E86C2D35E}.Debug|Any CPU.Build.0 = Debug|Any CPU
		{AFCBEC09-E309-4E5A-B4B1-821E86C2D35E}.Release|Any CPU.ActiveCfg = Release|Any CPU
		{AFCBEC09-E309-4E5A-B4B1-821E86C2D35E}.Release|Any CPU.Build.0 = Release|Any CPU
		{CC1826B9-5657-4205-804D-4794D6B5E886}.Debug|Any CPU.ActiveCfg = Debug|Any CPU
		{CC1826B9-5657-4205-804D-4794D6B5E886}.Debug|Any CPU.Build.0 = Debug|Any CPU
		{CC1826B9-5657-4205-804D-4794D6B5E886}.Release|Any CPU.ActiveCfg = Release|Any CPU
		{CC1826B9-5657-4205-804D-4794D6B5E886}.Release|Any CPU.Build.0 = Release|Any CPU
	EndGlobalSection
	GlobalSection(SolutionProperties) = preSolution
		HideSolutionNode = FALSE
	EndGlobalSection
	GlobalSection(NestedProjects) = preSolution
		{76DEF17D-C5A7-463B-8F4B-8CCEC5CA71C2} = {9F614F45-8E97-4795-985E-EFFEF1F3F98F}
		{30E28AFD-80A6-4828-8DA9-A2C1DA609F5B} = {76DEF17D-C5A7-463B-8F4B-8CCEC5CA71C2}
		{71BE02CF-0401-401A-AA1C-DFF8FEE63E24} = {9F614F45-8E97-4795-985E-EFFEF1F3F98F}
		{0EAD6E3E-B2B0-4300-902A-94DD98CF72FB} = {71BE02CF-0401-401A-AA1C-DFF8FEE63E24}
		{2BAECF8E-C161-4D90-87DC-10F921BD9040} = {9F614F45-8E97-4795-985E-EFFEF1F3F98F}
		{2D803238-75A9-49C6-ADC2-B6908EE15215} = {2BAECF8E-C161-4D90-87DC-10F921BD9040}
		{B7F6B283-0506-4C7E-B0EF-B43A018E6803} = {2BAECF8E-C161-4D90-87DC-10F921BD9040}
		{FEC09AF3-6235-485E-ADC4-C8B9B2C1CFB1} = {9F614F45-8E97-4795-985E-EFFEF1F3F98F}
		{1009A2DF-0CD2-48C7-B5A2-68758E970FB1} = {FEC09AF3-6235-485E-ADC4-C8B9B2C1CFB1}
		{9825AD47-9497-43CE-A18C-599842631CC4} = {FEC09AF3-6235-485E-ADC4-C8B9B2C1CFB1}
		{D8BFE780-01F6-4AD5-8B83-0E3F2A6DCF8B} = {FEC09AF3-6235-485E-ADC4-C8B9B2C1CFB1}
		{0E7F4C43-AFFF-4722-AC9C-B60C27A966DB} = {FEC09AF3-6235-485E-ADC4-C8B9B2C1CFB1}
		{BE57BF98-F2F4-4EB6-8908-D9360582D46A} = {ABCE9225-5965-4DE1-8C02-7D86CDDA041C}
		{1CEFDF6C-88F1-48E9-B262-359B04ECA8FD} = {ABCE9225-5965-4DE1-8C02-7D86CDDA041C}
		{AFCBEC09-E309-4E5A-B4B1-821E86C2D35E} = {778791E6-A783-49B6-A990-945025B1D11C}
		{CC1826B9-5657-4205-804D-4794D6B5E886} = {778791E6-A783-49B6-A990-945025B1D11C}
	EndGlobalSection
	GlobalSection(ExtensibilityGlobals) = postSolution
		SolutionGuid = {99070DF5-39B6-44BF-B4D9-B7F5D32284B7}
	EndGlobalSection
EndGlobal
